// !$*UTF8*$!
{
	archiveVersion = 1;
	classes = {
	};
	objectVersion = 56;
	objects = {

/* Begin PBXBuildFile section */
		7320F6A22C9BC42400289A66 /* WeatherAppApp.swift in Sources */ = {isa = PBXBuildFile; fileRef = 7320F6A12C9BC42400289A66 /* WeatherAppApp.swift */; };
		7320F6A42C9BC42400289A66 /* WeatherView.swift in Sources */ = {isa = PBXBuildFile; fileRef = 7320F6A32C9BC42400289A66 /* WeatherView.swift */; };
		7320F6A62C9BC42500289A66 /* Assets.xcassets in Resources */ = {isa = PBXBuildFile; fileRef = 7320F6A52C9BC42500289A66 /* Assets.xcassets */; };
		7320F6AA2C9BC42500289A66 /* Preview Assets.xcassets in Resources */ = {isa = PBXBuildFile; fileRef = 7320F6A92C9BC42500289A66 /* Preview Assets.xcassets */; };
		7320F6B42C9BC42500289A66 /* WeatherViewModelTests.swift in Sources */ = {isa = PBXBuildFile; fileRef = 7320F6B32C9BC42500289A66 /* WeatherViewModelTests.swift */; };
		7320F6BE2C9BC42500289A66 /* WeatherAppUITests.swift in Sources */ = {isa = PBXBuildFile; fileRef = 7320F6BD2C9BC42500289A66 /* WeatherAppUITests.swift */; };
		7320F6C02C9BC42500289A66 /* WeatherAppUITestsLaunchTests.swift in Sources */ = {isa = PBXBuildFile; fileRef = 7320F6BF2C9BC42500289A66 /* WeatherAppUITestsLaunchTests.swift */; };
		7320F6CD2C9C89A100289A66 /* AdditionalParameterView.swift in Sources */ = {isa = PBXBuildFile; fileRef = 7320F6CC2C9C89A100289A66 /* AdditionalParameterView.swift */; };
		7320F6CF2C9CA7DE00289A66 /* SearchView.swift in Sources */ = {isa = PBXBuildFile; fileRef = 7320F6CE2C9CA7DE00289A66 /* SearchView.swift */; };
		7320F6D12C9CCEBF00289A66 /* SearchBarView.swift in Sources */ = {isa = PBXBuildFile; fileRef = 7320F6D02C9CCEBF00289A66 /* SearchBarView.swift */; };
		7320F6D42C9CD58E00289A66 /* UIApplication.swift in Sources */ = {isa = PBXBuildFile; fileRef = 7320F6D32C9CD58E00289A66 /* UIApplication.swift */; };
		7320F6D62C9CEBC700289A66 /* SearchViewModel.swift in Sources */ = {isa = PBXBuildFile; fileRef = 7320F6D52C9CEBC700289A66 /* SearchViewModel.swift */; };
		7320F6D92C9CED7900289A66 /* LocationsDataService.swift in Sources */ = {isa = PBXBuildFile; fileRef = 7320F6D82C9CED7900289A66 /* LocationsDataService.swift */; };
		7320F6DC2C9CEFF300289A66 /* Location.swift in Sources */ = {isa = PBXBuildFile; fileRef = 7320F6DB2C9CEFF300289A66 /* Location.swift */; };
		7320F6DE2C9DEBA300289A66 /* Constants.swift in Sources */ = {isa = PBXBuildFile; fileRef = 7320F6DD2C9DEBA300289A66 /* Constants.swift */; };
		7320F6E32C9E0E4200289A66 /* NetworkingUtilities.swift in Sources */ = {isa = PBXBuildFile; fileRef = 7320F6E22C9E0E4200289A66 /* NetworkingUtilities.swift */; };
		7320F6E52C9E44A600289A66 /* WeatherViewModel.swift in Sources */ = {isa = PBXBuildFile; fileRef = 7320F6E42C9E44A600289A66 /* WeatherViewModel.swift */; };
		7320F6E72C9E44DB00289A66 /* Coordinator.swift in Sources */ = {isa = PBXBuildFile; fileRef = 7320F6E62C9E44DB00289A66 /* Coordinator.swift */; };
		739A92E62CA3FFE600205778 /* SearchViewTests.swift in Sources */ = {isa = PBXBuildFile; fileRef = 739A92E52CA3FFE600205778 /* SearchViewTests.swift */; };
		73C9311D2C9F33FA0075A9D4 /* CurrentWeather.swift in Sources */ = {isa = PBXBuildFile; fileRef = 73C9311C2C9F33FA0075A9D4 /* CurrentWeather.swift */; };
		73C931212C9F5B260075A9D4 /* TypeConvertation.swift in Sources */ = {isa = PBXBuildFile; fileRef = 73C931202C9F5B260075A9D4 /* TypeConvertation.swift */; };
		73C931252C9F7DCE0075A9D4 /* CurrentWeatherDataService.swift in Sources */ = {isa = PBXBuildFile; fileRef = 73C931242C9F7DCE0075A9D4 /* CurrentWeatherDataService.swift */; };
		73C931272C9F84070075A9D4 /* AsyncURLImage.swift in Sources */ = {isa = PBXBuildFile; fileRef = 73C931262C9F84070075A9D4 /* AsyncURLImage.swift */; };
		73C931292C9F981B0075A9D4 /* ForecastWeather.swift in Sources */ = {isa = PBXBuildFile; fileRef = 73C931282C9F981B0075A9D4 /* ForecastWeather.swift */; };
		73C931312C9FD8350075A9D4 /* ForecastDataService.swift in Sources */ = {isa = PBXBuildFile; fileRef = 73C931302C9FD8350075A9D4 /* ForecastDataService.swift */; };
		73C931332C9FD8C90075A9D4 /* RecentSearchesDataService.swift in Sources */ = {isa = PBXBuildFile; fileRef = 73C931322C9FD8C90075A9D4 /* RecentSearchesDataService.swift */; };
		73C931382C9FDA8B0075A9D4 /* RecentSearchContainer.xcdatamodeld in Sources */ = {isa = PBXBuildFile; fileRef = 73C931362C9FDA8B0075A9D4 /* RecentSearchContainer.xcdatamodeld */; };
		73FFBD5A2CA0A7CF00C3784F /* Locatable.swift in Sources */ = {isa = PBXBuildFile; fileRef = 73FFBD592CA0A7CF00C3784F /* Locatable.swift */; };
		73FFBD5D2CA0B4FB00C3784F /* ViewState.swift in Sources */ = {isa = PBXBuildFile; fileRef = 73FFBD5C2CA0B4FB00C3784F /* ViewState.swift */; };
		73FFBD7C2CA0E33A00C3784F /* LocationManager.swift in Sources */ = {isa = PBXBuildFile; fileRef = 73FFBD7B2CA0E33A00C3784F /* LocationManager.swift */; };
		73FFBD7E2CA1317300C3784F /* LoadingView.swift in Sources */ = {isa = PBXBuildFile; fileRef = 73FFBD7D2CA1317300C3784F /* LoadingView.swift */; };
		73FFBD862CA13EC900C3784F /* Secrets.plist in Resources */ = {isa = PBXBuildFile; fileRef = 73FFBD852CA13EC900C3784F /* Secrets.plist */; };
		73FFBD8A2CA3646100C3784F /* SearchButtonView.swift in Sources */ = {isa = PBXBuildFile; fileRef = 73FFBD892CA3646100C3784F /* SearchButtonView.swift */; };
		73FFBD8E2CA3F07D00C3784F /* Mocks.swift in Sources */ = {isa = PBXBuildFile; fileRef = 73FFBD8D2CA3F07D00C3784F /* Mocks.swift */; };
/* End PBXBuildFile section */

/* Begin PBXContainerItemProxy section */
		7320F6B02C9BC42500289A66 /* PBXContainerItemProxy */ = {
			isa = PBXContainerItemProxy;
			containerPortal = 7320F6962C9BC42400289A66 /* Project object */;
			proxyType = 1;
			remoteGlobalIDString = 7320F69D2C9BC42400289A66;
			remoteInfo = WeatherApp;
		};
		7320F6BA2C9BC42500289A66 /* PBXContainerItemProxy */ = {
			isa = PBXContainerItemProxy;
			containerPortal = 7320F6962C9BC42400289A66 /* Project object */;
			proxyType = 1;
			remoteGlobalIDString = 7320F69D2C9BC42400289A66;
			remoteInfo = WeatherApp;
		};
/* End PBXContainerItemProxy section */

/* Begin PBXFileReference section */
		7320F69E2C9BC42400289A66 /* WeatherApp.app */ = {isa = PBXFileReference; explicitFileType = wrapper.application; includeInIndex = 0; path = WeatherApp.app; sourceTree = BUILT_PRODUCTS_DIR; };
		7320F6A12C9BC42400289A66 /* WeatherAppApp.swift */ = {isa = PBXFileReference; lastKnownFileType = sourcecode.swift; path = WeatherAppApp.swift; sourceTree = "<group>"; };
		7320F6A32C9BC42400289A66 /* WeatherView.swift */ = {isa = PBXFileReference; lastKnownFileType = sourcecode.swift; path = WeatherView.swift; sourceTree = "<group>"; };
		7320F6A52C9BC42500289A66 /* Assets.xcassets */ = {isa = PBXFileReference; lastKnownFileType = folder.assetcatalog; path = Assets.xcassets; sourceTree = "<group>"; };
		7320F6A72C9BC42500289A66 /* WeatherApp.entitlements */ = {isa = PBXFileReference; lastKnownFileType = text.plist.entitlements; path = WeatherApp.entitlements; sourceTree = "<group>"; };
		7320F6A92C9BC42500289A66 /* Preview Assets.xcassets */ = {isa = PBXFileReference; lastKnownFileType = folder.assetcatalog; path = "Preview Assets.xcassets"; sourceTree = "<group>"; };
		7320F6AF2C9BC42500289A66 /* WeatherAppTests.xctest */ = {isa = PBXFileReference; explicitFileType = wrapper.cfbundle; includeInIndex = 0; path = WeatherAppTests.xctest; sourceTree = BUILT_PRODUCTS_DIR; };
		7320F6B32C9BC42500289A66 /* WeatherViewModelTests.swift */ = {isa = PBXFileReference; lastKnownFileType = sourcecode.swift; path = WeatherViewModelTests.swift; sourceTree = "<group>"; };
		7320F6B92C9BC42500289A66 /* WeatherAppUITests.xctest */ = {isa = PBXFileReference; explicitFileType = wrapper.cfbundle; includeInIndex = 0; path = WeatherAppUITests.xctest; sourceTree = BUILT_PRODUCTS_DIR; };
		7320F6BD2C9BC42500289A66 /* WeatherAppUITests.swift */ = {isa = PBXFileReference; lastKnownFileType = sourcecode.swift; path = WeatherAppUITests.swift; sourceTree = "<group>"; };
		7320F6BF2C9BC42500289A66 /* WeatherAppUITestsLaunchTests.swift */ = {isa = PBXFileReference; lastKnownFileType = sourcecode.swift; path = WeatherAppUITestsLaunchTests.swift; sourceTree = "<group>"; };
		7320F6CC2C9C89A100289A66 /* AdditionalParameterView.swift */ = {isa = PBXFileReference; lastKnownFileType = sourcecode.swift; path = AdditionalParameterView.swift; sourceTree = "<group>"; };
		7320F6CE2C9CA7DE00289A66 /* SearchView.swift */ = {isa = PBXFileReference; lastKnownFileType = sourcecode.swift; path = SearchView.swift; sourceTree = "<group>"; };
		7320F6D02C9CCEBF00289A66 /* SearchBarView.swift */ = {isa = PBXFileReference; lastKnownFileType = sourcecode.swift; path = SearchBarView.swift; sourceTree = "<group>"; };
		7320F6D32C9CD58E00289A66 /* UIApplication.swift */ = {isa = PBXFileReference; lastKnownFileType = sourcecode.swift; path = UIApplication.swift; sourceTree = "<group>"; };
		7320F6D52C9CEBC700289A66 /* SearchViewModel.swift */ = {isa = PBXFileReference; lastKnownFileType = sourcecode.swift; path = SearchViewModel.swift; sourceTree = "<group>"; };
		7320F6D82C9CED7900289A66 /* LocationsDataService.swift */ = {isa = PBXFileReference; lastKnownFileType = sourcecode.swift; path = LocationsDataService.swift; sourceTree = "<group>"; };
		7320F6DB2C9CEFF300289A66 /* Location.swift */ = {isa = PBXFileReference; lastKnownFileType = sourcecode.swift; path = Location.swift; sourceTree = "<group>"; };
		7320F6DD2C9DEBA300289A66 /* Constants.swift */ = {isa = PBXFileReference; lastKnownFileType = sourcecode.swift; path = Constants.swift; sourceTree = "<group>"; };
		7320F6E22C9E0E4200289A66 /* NetworkingUtilities.swift */ = {isa = PBXFileReference; lastKnownFileType = sourcecode.swift; path = NetworkingUtilities.swift; sourceTree = "<group>"; };
		7320F6E42C9E44A600289A66 /* WeatherViewModel.swift */ = {isa = PBXFileReference; lastKnownFileType = sourcecode.swift; path = WeatherViewModel.swift; sourceTree = "<group>"; };
		7320F6E62C9E44DB00289A66 /* Coordinator.swift */ = {isa = PBXFileReference; lastKnownFileType = sourcecode.swift; path = Coordinator.swift; sourceTree = "<group>"; };
		739A92E52CA3FFE600205778 /* SearchViewTests.swift */ = {isa = PBXFileReference; lastKnownFileType = sourcecode.swift; path = SearchViewTests.swift; sourceTree = "<group>"; };
		73C9311C2C9F33FA0075A9D4 /* CurrentWeather.swift */ = {isa = PBXFileReference; lastKnownFileType = sourcecode.swift; path = CurrentWeather.swift; sourceTree = "<group>"; };
		73C931202C9F5B260075A9D4 /* TypeConvertation.swift */ = {isa = PBXFileReference; lastKnownFileType = sourcecode.swift; path = TypeConvertation.swift; sourceTree = "<group>"; };
		73C931242C9F7DCE0075A9D4 /* CurrentWeatherDataService.swift */ = {isa = PBXFileReference; lastKnownFileType = sourcecode.swift; path = CurrentWeatherDataService.swift; sourceTree = "<group>"; };
		73C931262C9F84070075A9D4 /* AsyncURLImage.swift */ = {isa = PBXFileReference; lastKnownFileType = sourcecode.swift; path = AsyncURLImage.swift; sourceTree = "<group>"; };
		73C931282C9F981B0075A9D4 /* ForecastWeather.swift */ = {isa = PBXFileReference; lastKnownFileType = sourcecode.swift; path = ForecastWeather.swift; sourceTree = "<group>"; };
		73C931302C9FD8350075A9D4 /* ForecastDataService.swift */ = {isa = PBXFileReference; lastKnownFileType = sourcecode.swift; path = ForecastDataService.swift; sourceTree = "<group>"; };
		73C931322C9FD8C90075A9D4 /* RecentSearchesDataService.swift */ = {isa = PBXFileReference; lastKnownFileType = sourcecode.swift; path = RecentSearchesDataService.swift; sourceTree = "<group>"; };
		73C931372C9FDA8B0075A9D4 /* RecentSearch.xcdatamodel */ = {isa = PBXFileReference; lastKnownFileType = wrapper.xcdatamodel; path = RecentSearch.xcdatamodel; sourceTree = "<group>"; };
		73FFBD592CA0A7CF00C3784F /* Locatable.swift */ = {isa = PBXFileReference; lastKnownFileType = sourcecode.swift; path = Locatable.swift; sourceTree = "<group>"; };
		73FFBD5C2CA0B4FB00C3784F /* ViewState.swift */ = {isa = PBXFileReference; lastKnownFileType = sourcecode.swift; path = ViewState.swift; sourceTree = "<group>"; };
		73FFBD7B2CA0E33A00C3784F /* LocationManager.swift */ = {isa = PBXFileReference; lastKnownFileType = sourcecode.swift; path = LocationManager.swift; sourceTree = "<group>"; };
		73FFBD7D2CA1317300C3784F /* LoadingView.swift */ = {isa = PBXFileReference; lastKnownFileType = sourcecode.swift; path = LoadingView.swift; sourceTree = "<group>"; };
		73FFBD852CA13EC900C3784F /* Secrets.plist */ = {isa = PBXFileReference; lastKnownFileType = text.plist.xml; name = Secrets.plist; path = "WeatherApp/Supporting Files/Secrets.plist"; sourceTree = SOURCE_ROOT; };
		73FFBD892CA3646100C3784F /* SearchButtonView.swift */ = {isa = PBXFileReference; lastKnownFileType = sourcecode.swift; path = SearchButtonView.swift; sourceTree = "<group>"; };
		73FFBD8D2CA3F07D00C3784F /* Mocks.swift */ = {isa = PBXFileReference; lastKnownFileType = sourcecode.swift; path = Mocks.swift; sourceTree = "<group>"; };
/* End PBXFileReference section */

/* Begin PBXFrameworksBuildPhase section */
		7320F69B2C9BC42400289A66 /* Frameworks */ = {
			isa = PBXFrameworksBuildPhase;
			buildActionMask = 2147483647;
			files = (
			);
			runOnlyForDeploymentPostprocessing = 0;
		};
		7320F6AC2C9BC42500289A66 /* Frameworks */ = {
			isa = PBXFrameworksBuildPhase;
			buildActionMask = 2147483647;
			files = (
			);
			runOnlyForDeploymentPostprocessing = 0;
		};
		7320F6B62C9BC42500289A66 /* Frameworks */ = {
			isa = PBXFrameworksBuildPhase;
			buildActionMask = 2147483647;
			files = (
			);
			runOnlyForDeploymentPostprocessing = 0;
		};
/* End PBXFrameworksBuildPhase section */

/* Begin PBXGroup section */
		7320F6952C9BC42400289A66 = {
			isa = PBXGroup;
			children = (
				7320F6A02C9BC42400289A66 /* WeatherApp */,
				7320F6B22C9BC42500289A66 /* WeatherAppTests */,
				7320F6BC2C9BC42500289A66 /* WeatherAppUITests */,
				7320F69F2C9BC42400289A66 /* Products */,
			);
			sourceTree = "<group>";
		};
		7320F69F2C9BC42400289A66 /* Products */ = {
			isa = PBXGroup;
			children = (
				7320F69E2C9BC42400289A66 /* WeatherApp.app */,
				7320F6AF2C9BC42500289A66 /* WeatherAppTests.xctest */,
				7320F6B92C9BC42500289A66 /* WeatherAppUITests.xctest */,
			);
			name = Products;
			sourceTree = "<group>";
		};
		7320F6A02C9BC42400289A66 /* WeatherApp */ = {
			isa = PBXGroup;
			children = (
				73FFBD842CA13C4F00C3784F /* Supporting Files */,
				73FFBD5B2CA0B45700C3784F /* Architecture */,
				73FFBD582CA0A7C200C3784F /* Protocols */,
				7320F6DF2C9E0DF100289A66 /* Utilities */,
				7320F6DA2C9CEE7400289A66 /* Models */,
				7320F6D72C9CED3500289A66 /* Services */,
				7320F6D22C9CD57500289A66 /* Extensions */,
				73FFBD7F2CA1335D00C3784F /* Core */,
				7320F6A52C9BC42500289A66 /* Assets.xcassets */,
				7320F6A72C9BC42500289A66 /* WeatherApp.entitlements */,
				7320F6A12C9BC42400289A66 /* WeatherAppApp.swift */,
				7320F6A82C9BC42500289A66 /* Preview Content */,
			);
			path = WeatherApp;
			sourceTree = "<group>";
		};
		7320F6A82C9BC42500289A66 /* Preview Content */ = {
			isa = PBXGroup;
			children = (
				7320F6A92C9BC42500289A66 /* Preview Assets.xcassets */,
			);
			path = "Preview Content";
			sourceTree = "<group>";
		};
		7320F6B22C9BC42500289A66 /* WeatherAppTests */ = {
			isa = PBXGroup;
			children = (
				7320F6B32C9BC42500289A66 /* WeatherViewModelTests.swift */,
				73FFBD8D2CA3F07D00C3784F /* Mocks.swift */,
				739A92E52CA3FFE600205778 /* SearchViewTests.swift */,
			);
			path = WeatherAppTests;
			sourceTree = "<group>";
		};
		7320F6BC2C9BC42500289A66 /* WeatherAppUITests */ = {
			isa = PBXGroup;
			children = (
				7320F6BD2C9BC42500289A66 /* WeatherAppUITests.swift */,
				7320F6BF2C9BC42500289A66 /* WeatherAppUITestsLaunchTests.swift */,
			);
			path = WeatherAppUITests;
			sourceTree = "<group>";
		};
		7320F6D22C9CD57500289A66 /* Extensions */ = {
			isa = PBXGroup;
			children = (
				7320F6D32C9CD58E00289A66 /* UIApplication.swift */,
			);
			path = Extensions;
			sourceTree = "<group>";
		};
		7320F6D72C9CED3500289A66 /* Services */ = {
			isa = PBXGroup;
			children = (
				7320F6D82C9CED7900289A66 /* LocationsDataService.swift */,
				73C931242C9F7DCE0075A9D4 /* CurrentWeatherDataService.swift */,
				73C931302C9FD8350075A9D4 /* ForecastDataService.swift */,
				73C931322C9FD8C90075A9D4 /* RecentSearchesDataService.swift */,
				73FFBD7B2CA0E33A00C3784F /* LocationManager.swift */,
			);
			path = Services;
			sourceTree = "<group>";
		};
		7320F6DA2C9CEE7400289A66 /* Models */ = {
			isa = PBXGroup;
			children = (
				7320F6DB2C9CEFF300289A66 /* Location.swift */,
				73C9311C2C9F33FA0075A9D4 /* CurrentWeather.swift */,
				73C931282C9F981B0075A9D4 /* ForecastWeather.swift */,
				73C931362C9FDA8B0075A9D4 /* RecentSearchContainer.xcdatamodeld */,
			);
			path = Models;
			sourceTree = "<group>";
		};
		7320F6DF2C9E0DF100289A66 /* Utilities */ = {
			isa = PBXGroup;
			children = (
				7320F6E22C9E0E4200289A66 /* NetworkingUtilities.swift */,
				73C931202C9F5B260075A9D4 /* TypeConvertation.swift */,
			);
			path = Utilities;
			sourceTree = "<group>";
		};
		73FFBD582CA0A7C200C3784F /* Protocols */ = {
			isa = PBXGroup;
			children = (
				73FFBD592CA0A7CF00C3784F /* Locatable.swift */,
			);
			path = Protocols;
			sourceTree = "<group>";
		};
		73FFBD5B2CA0B45700C3784F /* Architecture */ = {
			isa = PBXGroup;
			children = (
				7320F6E62C9E44DB00289A66 /* Coordinator.swift */,
				73FFBD5C2CA0B4FB00C3784F /* ViewState.swift */,
			);
			path = Architecture;
			sourceTree = "<group>";
		};
		73FFBD7F2CA1335D00C3784F /* Core */ = {
			isa = PBXGroup;
			children = (
				73FFBD802CA1339D00C3784F /* WeatherView */,
				73FFBD812CA133D000C3784F /* SearchView */,
				73FFBD7D2CA1317300C3784F /* LoadingView.swift */,
			);
			path = Core;
			sourceTree = "<group>";
		};
		73FFBD802CA1339D00C3784F /* WeatherView */ = {
			isa = PBXGroup;
			children = (
				73FFBD822CA1340C00C3784F /* Views */,
				7320F6E42C9E44A600289A66 /* WeatherViewModel.swift */,
			);
			path = WeatherView;
			sourceTree = "<group>";
		};
		73FFBD812CA133D000C3784F /* SearchView */ = {
			isa = PBXGroup;
			children = (
				73FFBD832CA1342A00C3784F /* Views */,
				7320F6D52C9CEBC700289A66 /* SearchViewModel.swift */,
			);
			path = SearchView;
			sourceTree = "<group>";
		};
		73FFBD822CA1340C00C3784F /* Views */ = {
			isa = PBXGroup;
			children = (
				7320F6A32C9BC42400289A66 /* WeatherView.swift */,
				7320F6CC2C9C89A100289A66 /* AdditionalParameterView.swift */,
				73C931262C9F84070075A9D4 /* AsyncURLImage.swift */,
				73FFBD892CA3646100C3784F /* SearchButtonView.swift */,
			);
			path = Views;
			sourceTree = "<group>";
		};
		73FFBD832CA1342A00C3784F /* Views */ = {
			isa = PBXGroup;
			children = (
				7320F6CE2C9CA7DE00289A66 /* SearchView.swift */,
				7320F6D02C9CCEBF00289A66 /* SearchBarView.swift */,
			);
			path = Views;
			sourceTree = "<group>";
		};
		73FFBD842CA13C4F00C3784F /* Supporting Files */ = {
			isa = PBXGroup;
			children = (
				7320F6DD2C9DEBA300289A66 /* Constants.swift */,
				73FFBD852CA13EC900C3784F /* Secrets.plist */,
			);
			path = "Supporting Files";
			sourceTree = "<group>";
		};
/* End PBXGroup section */

/* Begin PBXNativeTarget section */
		7320F69D2C9BC42400289A66 /* WeatherApp */ = {
			isa = PBXNativeTarget;
			buildConfigurationList = 7320F6C32C9BC42500289A66 /* Build configuration list for PBXNativeTarget "WeatherApp" */;
			buildPhases = (
				7320F69A2C9BC42400289A66 /* Sources */,
				7320F69B2C9BC42400289A66 /* Frameworks */,
				7320F69C2C9BC42400289A66 /* Resources */,
			);
			buildRules = (
			);
			dependencies = (
			);
			name = WeatherApp;
			productName = WeatherApp;
			productReference = 7320F69E2C9BC42400289A66 /* WeatherApp.app */;
			productType = "com.apple.product-type.application";
		};
		7320F6AE2C9BC42500289A66 /* WeatherAppTests */ = {
			isa = PBXNativeTarget;
			buildConfigurationList = 7320F6C62C9BC42500289A66 /* Build configuration list for PBXNativeTarget "WeatherAppTests" */;
			buildPhases = (
				7320F6AB2C9BC42500289A66 /* Sources */,
				7320F6AC2C9BC42500289A66 /* Frameworks */,
				7320F6AD2C9BC42500289A66 /* Resources */,
			);
			buildRules = (
			);
			dependencies = (
				7320F6B12C9BC42500289A66 /* PBXTargetDependency */,
			);
			name = WeatherAppTests;
			productName = WeatherAppTests;
			productReference = 7320F6AF2C9BC42500289A66 /* WeatherAppTests.xctest */;
			productType = "com.apple.product-type.bundle.unit-test";
		};
		7320F6B82C9BC42500289A66 /* WeatherAppUITests */ = {
			isa = PBXNativeTarget;
			buildConfigurationList = 7320F6C92C9BC42500289A66 /* Build configuration list for PBXNativeTarget "WeatherAppUITests" */;
			buildPhases = (
				7320F6B52C9BC42500289A66 /* Sources */,
				7320F6B62C9BC42500289A66 /* Frameworks */,
				7320F6B72C9BC42500289A66 /* Resources */,
			);
			buildRules = (
			);
			dependencies = (
				7320F6BB2C9BC42500289A66 /* PBXTargetDependency */,
			);
			name = WeatherAppUITests;
			productName = WeatherAppUITests;
			productReference = 7320F6B92C9BC42500289A66 /* WeatherAppUITests.xctest */;
			productType = "com.apple.product-type.bundle.ui-testing";
		};
/* End PBXNativeTarget section */

/* Begin PBXProject section */
		7320F6962C9BC42400289A66 /* Project object */ = {
			isa = PBXProject;
			attributes = {
				BuildIndependentTargetsInParallel = 1;
				LastSwiftUpdateCheck = 1540;
				LastUpgradeCheck = 1540;
				TargetAttributes = {
					7320F69D2C9BC42400289A66 = {
						CreatedOnToolsVersion = 15.4;
					};
					7320F6AE2C9BC42500289A66 = {
						CreatedOnToolsVersion = 15.4;
						TestTargetID = 7320F69D2C9BC42400289A66;
					};
					7320F6B82C9BC42500289A66 = {
						CreatedOnToolsVersion = 15.4;
						TestTargetID = 7320F69D2C9BC42400289A66;
					};
				};
			};
			buildConfigurationList = 7320F6992C9BC42400289A66 /* Build configuration list for PBXProject "WeatherApp" */;
			compatibilityVersion = "Xcode 14.0";
			developmentRegion = en;
			hasScannedForEncodings = 0;
			knownRegions = (
				en,
				Base,
			);
			mainGroup = 7320F6952C9BC42400289A66;
			productRefGroup = 7320F69F2C9BC42400289A66 /* Products */;
			projectDirPath = "";
			projectRoot = "";
			targets = (
				7320F69D2C9BC42400289A66 /* WeatherApp */,
				7320F6AE2C9BC42500289A66 /* WeatherAppTests */,
				7320F6B82C9BC42500289A66 /* WeatherAppUITests */,
			);
		};
/* End PBXProject section */

/* Begin PBXResourcesBuildPhase section */
		7320F69C2C9BC42400289A66 /* Resources */ = {
			isa = PBXResourcesBuildPhase;
			buildActionMask = 2147483647;
			files = (
				7320F6AA2C9BC42500289A66 /* Preview Assets.xcassets in Resources */,
				73FFBD862CA13EC900C3784F /* Secrets.plist in Resources */,
				7320F6A62C9BC42500289A66 /* Assets.xcassets in Resources */,
			);
			runOnlyForDeploymentPostprocessing = 0;
		};
		7320F6AD2C9BC42500289A66 /* Resources */ = {
			isa = PBXResourcesBuildPhase;
			buildActionMask = 2147483647;
			files = (
			);
			runOnlyForDeploymentPostprocessing = 0;
		};
		7320F6B72C9BC42500289A66 /* Resources */ = {
			isa = PBXResourcesBuildPhase;
			buildActionMask = 2147483647;
			files = (
			);
			runOnlyForDeploymentPostprocessing = 0;
		};
/* End PBXResourcesBuildPhase section */

/* Begin PBXSourcesBuildPhase section */
		7320F69A2C9BC42400289A66 /* Sources */ = {
			isa = PBXSourcesBuildPhase;
			buildActionMask = 2147483647;
			files = (
				73C931252C9F7DCE0075A9D4 /* CurrentWeatherDataService.swift in Sources */,
				73C931312C9FD8350075A9D4 /* ForecastDataService.swift in Sources */,
				7320F6D42C9CD58E00289A66 /* UIApplication.swift in Sources */,
				73C931272C9F84070075A9D4 /* AsyncURLImage.swift in Sources */,
				7320F6E52C9E44A600289A66 /* WeatherViewModel.swift in Sources */,
				7320F6E72C9E44DB00289A66 /* Coordinator.swift in Sources */,
				73C931332C9FD8C90075A9D4 /* RecentSearchesDataService.swift in Sources */,
				7320F6D62C9CEBC700289A66 /* SearchViewModel.swift in Sources */,
				73FFBD5D2CA0B4FB00C3784F /* ViewState.swift in Sources */,
				73C931382C9FDA8B0075A9D4 /* RecentSearchContainer.xcdatamodeld in Sources */,
				7320F6E32C9E0E4200289A66 /* NetworkingUtilities.swift in Sources */,
				7320F6D12C9CCEBF00289A66 /* SearchBarView.swift in Sources */,
				7320F6CF2C9CA7DE00289A66 /* SearchView.swift in Sources */,
				73C931292C9F981B0075A9D4 /* ForecastWeather.swift in Sources */,
				73C931212C9F5B260075A9D4 /* TypeConvertation.swift in Sources */,
				7320F6DC2C9CEFF300289A66 /* Location.swift in Sources */,
				7320F6DE2C9DEBA300289A66 /* Constants.swift in Sources */,
				7320F6D92C9CED7900289A66 /* LocationsDataService.swift in Sources */,
				73FFBD7E2CA1317300C3784F /* LoadingView.swift in Sources */,
				73C9311D2C9F33FA0075A9D4 /* CurrentWeather.swift in Sources */,
				73FFBD8A2CA3646100C3784F /* SearchButtonView.swift in Sources */,
				7320F6A42C9BC42400289A66 /* WeatherView.swift in Sources */,
				73FFBD7C2CA0E33A00C3784F /* LocationManager.swift in Sources */,
				7320F6A22C9BC42400289A66 /* WeatherAppApp.swift in Sources */,
				7320F6CD2C9C89A100289A66 /* AdditionalParameterView.swift in Sources */,
				73FFBD5A2CA0A7CF00C3784F /* Locatable.swift in Sources */,
			);
			runOnlyForDeploymentPostprocessing = 0;
		};
		7320F6AB2C9BC42500289A66 /* Sources */ = {
			isa = PBXSourcesBuildPhase;
			buildActionMask = 2147483647;
			files = (
				7320F6B42C9BC42500289A66 /* WeatherViewModelTests.swift in Sources */,
				73FFBD8E2CA3F07D00C3784F /* Mocks.swift in Sources */,
				739A92E62CA3FFE600205778 /* SearchViewTests.swift in Sources */,
			);
			runOnlyForDeploymentPostprocessing = 0;
		};
		7320F6B52C9BC42500289A66 /* Sources */ = {
			isa = PBXSourcesBuildPhase;
			buildActionMask = 2147483647;
			files = (
				7320F6BE2C9BC42500289A66 /* WeatherAppUITests.swift in Sources */,
				7320F6C02C9BC42500289A66 /* WeatherAppUITestsLaunchTests.swift in Sources */,
			);
			runOnlyForDeploymentPostprocessing = 0;
		};
/* End PBXSourcesBuildPhase section */

/* Begin PBXTargetDependency section */
		7320F6B12C9BC42500289A66 /* PBXTargetDependency */ = {
			isa = PBXTargetDependency;
			target = 7320F69D2C9BC42400289A66 /* WeatherApp */;
			targetProxy = 7320F6B02C9BC42500289A66 /* PBXContainerItemProxy */;
		};
		7320F6BB2C9BC42500289A66 /* PBXTargetDependency */ = {
			isa = PBXTargetDependency;
			target = 7320F69D2C9BC42400289A66 /* WeatherApp */;
			targetProxy = 7320F6BA2C9BC42500289A66 /* PBXContainerItemProxy */;
		};
/* End PBXTargetDependency section */

/* Begin XCBuildConfiguration section */
		7320F6C12C9BC42500289A66 /* Debug */ = {
			isa = XCBuildConfiguration;
			buildSettings = {
				ALWAYS_SEARCH_USER_PATHS = NO;
				ASSETCATALOG_COMPILER_GENERATE_SWIFT_ASSET_SYMBOL_EXTENSIONS = YES;
				CLANG_ANALYZER_NONNULL = YES;
				CLANG_ANALYZER_NUMBER_OBJECT_CONVERSION = YES_AGGRESSIVE;
				CLANG_CXX_LANGUAGE_STANDARD = "gnu++20";
				CLANG_ENABLE_MODULES = YES;
				CLANG_ENABLE_OBJC_ARC = YES;
				CLANG_ENABLE_OBJC_WEAK = YES;
				CLANG_WARN_BLOCK_CAPTURE_AUTORELEASING = YES;
				CLANG_WARN_BOOL_CONVERSION = YES;
				CLANG_WARN_COMMA = YES;
				CLANG_WARN_CONSTANT_CONVERSION = YES;
				CLANG_WARN_DEPRECATED_OBJC_IMPLEMENTATIONS = YES;
				CLANG_WARN_DIRECT_OBJC_ISA_USAGE = YES_ERROR;
				CLANG_WARN_DOCUMENTATION_COMMENTS = YES;
				CLANG_WARN_EMPTY_BODY = YES;
				CLANG_WARN_ENUM_CONVERSION = YES;
				CLANG_WARN_INFINITE_RECURSION = YES;
				CLANG_WARN_INT_CONVERSION = YES;
				CLANG_WARN_NON_LITERAL_NULL_CONVERSION = YES;
				CLANG_WARN_OBJC_IMPLICIT_RETAIN_SELF = YES;
				CLANG_WARN_OBJC_LITERAL_CONVERSION = YES;
				CLANG_WARN_OBJC_ROOT_CLASS = YES_ERROR;
				CLANG_WARN_QUOTED_INCLUDE_IN_FRAMEWORK_HEADER = YES;
				CLANG_WARN_RANGE_LOOP_ANALYSIS = YES;
				CLANG_WARN_STRICT_PROTOTYPES = YES;
				CLANG_WARN_SUSPICIOUS_MOVE = YES;
				CLANG_WARN_UNGUARDED_AVAILABILITY = YES_AGGRESSIVE;
				CLANG_WARN_UNREACHABLE_CODE = YES;
				CLANG_WARN__DUPLICATE_METHOD_MATCH = YES;
				COPY_PHASE_STRIP = NO;
				DEBUG_INFORMATION_FORMAT = dwarf;
				ENABLE_STRICT_OBJC_MSGSEND = YES;
				ENABLE_TESTABILITY = YES;
				ENABLE_USER_SCRIPT_SANDBOXING = YES;
				GCC_C_LANGUAGE_STANDARD = gnu17;
				GCC_DYNAMIC_NO_PIC = NO;
				GCC_NO_COMMON_BLOCKS = YES;
				GCC_OPTIMIZATION_LEVEL = 0;
				GCC_PREPROCESSOR_DEFINITIONS = (
					"DEBUG=1",
					"$(inherited)",
				);
				GCC_WARN_64_TO_32_BIT_CONVERSION = YES;
				GCC_WARN_ABOUT_RETURN_TYPE = YES_ERROR;
				GCC_WARN_UNDECLARED_SELECTOR = YES;
				GCC_WARN_UNINITIALIZED_AUTOS = YES_AGGRESSIVE;
				GCC_WARN_UNUSED_FUNCTION = YES;
				GCC_WARN_UNUSED_VARIABLE = YES;
				LOCALIZATION_PREFERS_STRING_CATALOGS = YES;
				MTL_ENABLE_DEBUG_INFO = INCLUDE_SOURCE;
				MTL_FAST_MATH = YES;
				ONLY_ACTIVE_ARCH = YES;
				SWIFT_ACTIVE_COMPILATION_CONDITIONS = "DEBUG $(inherited)";
				SWIFT_OPTIMIZATION_LEVEL = "-Onone";
			};
			name = Debug;
		};
		7320F6C22C9BC42500289A66 /* Release */ = {
			isa = XCBuildConfiguration;
			buildSettings = {
				ALWAYS_SEARCH_USER_PATHS = NO;
				ASSETCATALOG_COMPILER_GENERATE_SWIFT_ASSET_SYMBOL_EXTENSIONS = YES;
				CLANG_ANALYZER_NONNULL = YES;
				CLANG_ANALYZER_NUMBER_OBJECT_CONVERSION = YES_AGGRESSIVE;
				CLANG_CXX_LANGUAGE_STANDARD = "gnu++20";
				CLANG_ENABLE_MODULES = YES;
				CLANG_ENABLE_OBJC_ARC = YES;
				CLANG_ENABLE_OBJC_WEAK = YES;
				CLANG_WARN_BLOCK_CAPTURE_AUTORELEASING = YES;
				CLANG_WARN_BOOL_CONVERSION = YES;
				CLANG_WARN_COMMA = YES;
				CLANG_WARN_CONSTANT_CONVERSION = YES;
				CLANG_WARN_DEPRECATED_OBJC_IMPLEMENTATIONS = YES;
				CLANG_WARN_DIRECT_OBJC_ISA_USAGE = YES_ERROR;
				CLANG_WARN_DOCUMENTATION_COMMENTS = YES;
				CLANG_WARN_EMPTY_BODY = YES;
				CLANG_WARN_ENUM_CONVERSION = YES;
				CLANG_WARN_INFINITE_RECURSION = YES;
				CLANG_WARN_INT_CONVERSION = YES;
				CLANG_WARN_NON_LITERAL_NULL_CONVERSION = YES;
				CLANG_WARN_OBJC_IMPLICIT_RETAIN_SELF = YES;
				CLANG_WARN_OBJC_LITERAL_CONVERSION = YES;
				CLANG_WARN_OBJC_ROOT_CLASS = YES_ERROR;
				CLANG_WARN_QUOTED_INCLUDE_IN_FRAMEWORK_HEADER = YES;
				CLANG_WARN_RANGE_LOOP_ANALYSIS = YES;
				CLANG_WARN_STRICT_PROTOTYPES = YES;
				CLANG_WARN_SUSPICIOUS_MOVE = YES;
				CLANG_WARN_UNGUARDED_AVAILABILITY = YES_AGGRESSIVE;
				CLANG_WARN_UNREACHABLE_CODE = YES;
				CLANG_WARN__DUPLICATE_METHOD_MATCH = YES;
				COPY_PHASE_STRIP = NO;
				DEBUG_INFORMATION_FORMAT = "dwarf-with-dsym";
				ENABLE_NS_ASSERTIONS = NO;
				ENABLE_STRICT_OBJC_MSGSEND = YES;
				ENABLE_USER_SCRIPT_SANDBOXING = YES;
				GCC_C_LANGUAGE_STANDARD = gnu17;
				GCC_NO_COMMON_BLOCKS = YES;
				GCC_WARN_64_TO_32_BIT_CONVERSION = YES;
				GCC_WARN_ABOUT_RETURN_TYPE = YES_ERROR;
				GCC_WARN_UNDECLARED_SELECTOR = YES;
				GCC_WARN_UNINITIALIZED_AUTOS = YES_AGGRESSIVE;
				GCC_WARN_UNUSED_FUNCTION = YES;
				GCC_WARN_UNUSED_VARIABLE = YES;
				LOCALIZATION_PREFERS_STRING_CATALOGS = YES;
				MTL_ENABLE_DEBUG_INFO = NO;
				MTL_FAST_MATH = YES;
				SWIFT_COMPILATION_MODE = wholemodule;
			};
			name = Release;
		};
		7320F6C42C9BC42500289A66 /* Debug */ = {
			isa = XCBuildConfiguration;
			buildSettings = {
				ASSETCATALOG_COMPILER_APPICON_NAME = AppIcon;
				ASSETCATALOG_COMPILER_GLOBAL_ACCENT_COLOR_NAME = AccentColor;
				CODE_SIGN_ENTITLEMENTS = WeatherApp/WeatherApp.entitlements;
				CODE_SIGN_STYLE = Automatic;
				CURRENT_PROJECT_VERSION = 1;
				DEVELOPMENT_ASSET_PATHS = "\"WeatherApp/Preview Content\"";
				DEVELOPMENT_TEAM = 76DL45Z2WR;
				ENABLE_HARDENED_RUNTIME = YES;
				ENABLE_PREVIEWS = YES;
				GENERATE_INFOPLIST_FILE = YES;
				INFOPLIST_KEY_NSLocationWhenInUseUsageDescription = "To automatically download weather data for your area, the app needs access to your location.";
				"INFOPLIST_KEY_UIApplicationSceneManifest_Generation[sdk=iphoneos*]" = YES;
				"INFOPLIST_KEY_UIApplicationSceneManifest_Generation[sdk=iphonesimulator*]" = YES;
				"INFOPLIST_KEY_UIApplicationSupportsIndirectInputEvents[sdk=iphoneos*]" = YES;
				"INFOPLIST_KEY_UIApplicationSupportsIndirectInputEvents[sdk=iphonesimulator*]" = YES;
				"INFOPLIST_KEY_UILaunchScreen_Generation[sdk=iphoneos*]" = YES;
				"INFOPLIST_KEY_UILaunchScreen_Generation[sdk=iphonesimulator*]" = YES;
				"INFOPLIST_KEY_UIStatusBarStyle[sdk=iphoneos*]" = UIStatusBarStyleDefault;
				"INFOPLIST_KEY_UIStatusBarStyle[sdk=iphonesimulator*]" = UIStatusBarStyleDefault;
				INFOPLIST_KEY_UISupportedInterfaceOrientations_iPad = "UIInterfaceOrientationPortrait UIInterfaceOrientationPortraitUpsideDown UIInterfaceOrientationLandscapeLeft UIInterfaceOrientationLandscapeRight";
				INFOPLIST_KEY_UISupportedInterfaceOrientations_iPhone = "UIInterfaceOrientationPortrait UIInterfaceOrientationLandscapeLeft UIInterfaceOrientationLandscapeRight";
				IPHONEOS_DEPLOYMENT_TARGET = 17.5;
				LD_RUNPATH_SEARCH_PATHS = "@executable_path/Frameworks";
				"LD_RUNPATH_SEARCH_PATHS[sdk=macosx*]" = "@executable_path/../Frameworks";
				MACOSX_DEPLOYMENT_TARGET = 14.5;
				MARKETING_VERSION = 1.0;
				PRODUCT_BUNDLE_IDENTIFIER = Nikolai.WeatherApp;
				PRODUCT_NAME = "$(TARGET_NAME)";
				SDKROOT = auto;
				SUPPORTED_PLATFORMS = "iphoneos iphonesimulator macosx";
				SWIFT_EMIT_LOC_STRINGS = YES;
				SWIFT_VERSION = 5.0;
				TARGETED_DEVICE_FAMILY = "1,2";
			};
			name = Debug;
		};
		7320F6C52C9BC42500289A66 /* Release */ = {
			isa = XCBuildConfiguration;
			buildSettings = {
				ASSETCATALOG_COMPILER_APPICON_NAME = AppIcon;
				ASSETCATALOG_COMPILER_GLOBAL_ACCENT_COLOR_NAME = AccentColor;
				CODE_SIGN_ENTITLEMENTS = WeatherApp/WeatherApp.entitlements;
				CODE_SIGN_STYLE = Automatic;
				CURRENT_PROJECT_VERSION = 1;
				DEVELOPMENT_ASSET_PATHS = "\"WeatherApp/Preview Content\"";
				DEVELOPMENT_TEAM = 76DL45Z2WR;
				ENABLE_HARDENED_RUNTIME = YES;
				ENABLE_PREVIEWS = YES;
				GENERATE_INFOPLIST_FILE = YES;
				INFOPLIST_KEY_NSLocationWhenInUseUsageDescription = "To automatically download weather data for your area, the app needs access to your location.";
				"INFOPLIST_KEY_UIApplicationSceneManifest_Generation[sdk=iphoneos*]" = YES;
				"INFOPLIST_KEY_UIApplicationSceneManifest_Generation[sdk=iphonesimulator*]" = YES;
				"INFOPLIST_KEY_UIApplicationSupportsIndirectInputEvents[sdk=iphoneos*]" = YES;
				"INFOPLIST_KEY_UIApplicationSupportsIndirectInputEvents[sdk=iphonesimulator*]" = YES;
				"INFOPLIST_KEY_UILaunchScreen_Generation[sdk=iphoneos*]" = YES;
				"INFOPLIST_KEY_UILaunchScreen_Generation[sdk=iphonesimulator*]" = YES;
				"INFOPLIST_KEY_UIStatusBarStyle[sdk=iphoneos*]" = UIStatusBarStyleDefault;
				"INFOPLIST_KEY_UIStatusBarStyle[sdk=iphonesimulator*]" = UIStatusBarStyleDefault;
				INFOPLIST_KEY_UISupportedInterfaceOrientations_iPad = "UIInterfaceOrientationPortrait UIInterfaceOrientationPortraitUpsideDown UIInterfaceOrientationLandscapeLeft UIInterfaceOrientationLandscapeRight";
				INFOPLIST_KEY_UISupportedInterfaceOrientations_iPhone = "UIInterfaceOrientationPortrait UIInterfaceOrientationLandscapeLeft UIInterfaceOrientationLandscapeRight";
				IPHONEOS_DEPLOYMENT_TARGET = 17.5;
				LD_RUNPATH_SEARCH_PATHS = "@executable_path/Frameworks";
				"LD_RUNPATH_SEARCH_PATHS[sdk=macosx*]" = "@executable_path/../Frameworks";
				MACOSX_DEPLOYMENT_TARGET = 14.5;
				MARKETING_VERSION = 1.0;
				PRODUCT_BUNDLE_IDENTIFIER = Nikolai.WeatherApp;
				PRODUCT_NAME = "$(TARGET_NAME)";
				SDKROOT = auto;
				SUPPORTED_PLATFORMS = "iphoneos iphonesimulator macosx";
				SWIFT_EMIT_LOC_STRINGS = YES;
				SWIFT_VERSION = 5.0;
				TARGETED_DEVICE_FAMILY = "1,2";
			};
			name = Release;
		};
		7320F6C72C9BC42500289A66 /* Debug */ = {
			isa = XCBuildConfiguration;
			buildSettings = {
				ALWAYS_EMBED_SWIFT_STANDARD_LIBRARIES = YES;
				BUNDLE_LOADER = "$(TEST_HOST)";
				CODE_SIGN_STYLE = Automatic;
				CURRENT_PROJECT_VERSION = 1;
				DEVELOPMENT_TEAM = 76DL45Z2WR;
				GENERATE_INFOPLIST_FILE = YES;
				IPHONEOS_DEPLOYMENT_TARGET = 17.5;
				MACOSX_DEPLOYMENT_TARGET = 14.5;
				MARKETING_VERSION = 1.0;
				PRODUCT_BUNDLE_IDENTIFIER = Nikolai.WeatherAppTests;
				PRODUCT_NAME = "$(TARGET_NAME)";
				SDKROOT = auto;
				SUPPORTED_PLATFORMS = "iphoneos iphonesimulator macosx";
				SWIFT_EMIT_LOC_STRINGS = NO;
				SWIFT_VERSION = 5.0;
				TARGETED_DEVICE_FAMILY = "1,2";
				TEST_HOST = "$(BUILT_PRODUCTS_DIR)/WeatherApp.app/$(BUNDLE_EXECUTABLE_FOLDER_PATH)/WeatherApp";
			};
			name = Debug;
		};
		7320F6C82C9BC42500289A66 /* Release */ = {
			isa = XCBuildConfiguration;
			buildSettings = {
				ALWAYS_EMBED_SWIFT_STANDARD_LIBRARIES = YES;
				BUNDLE_LOADER = "$(TEST_HOST)";
				CODE_SIGN_STYLE = Automatic;
				CURRENT_PROJECT_VERSION = 1;
				DEVELOPMENT_TEAM = 76DL45Z2WR;
				GENERATE_INFOPLIST_FILE = YES;
				IPHONEOS_DEPLOYMENT_TARGET = 17.5;
				MACOSX_DEPLOYMENT_TARGET = 14.5;
				MARKETING_VERSION = 1.0;
				PRODUCT_BUNDLE_IDENTIFIER = Nikolai.WeatherAppTests;
				PRODUCT_NAME = "$(TARGET_NAME)";
				SDKROOT = auto;
				SUPPORTED_PLATFORMS = "iphoneos iphonesimulator macosx";
				SWIFT_EMIT_LOC_STRINGS = NO;
				SWIFT_VERSION = 5.0;
				TARGETED_DEVICE_FAMILY = "1,2";
				TEST_HOST = "$(BUILT_PRODUCTS_DIR)/WeatherApp.app/$(BUNDLE_EXECUTABLE_FOLDER_PATH)/WeatherApp";
			};
			name = Release;
		};
		7320F6CA2C9BC42500289A66 /* Debug */ = {
			isa = XCBuildConfiguration;
			buildSettings = {
				ALWAYS_EMBED_SWIFT_STANDARD_LIBRARIES = YES;
				CODE_SIGN_STYLE = Automatic;
				CURRENT_PROJECT_VERSION = 1;
				DEVELOPMENT_TEAM = 76DL45Z2WR;
				GENERATE_INFOPLIST_FILE = YES;
				IPHONEOS_DEPLOYMENT_TARGET = 17.5;
				MACOSX_DEPLOYMENT_TARGET = 14.5;
				MARKETING_VERSION = 1.0;
				PRODUCT_BUNDLE_IDENTIFIER = Nikolai.WeatherAppUITests;
				PRODUCT_NAME = "$(TARGET_NAME)";
				SDKROOT = auto;
				SUPPORTED_PLATFORMS = "iphoneos iphonesimulator macosx";
				SWIFT_EMIT_LOC_STRINGS = NO;
				SWIFT_VERSION = 5.0;
				TARGETED_DEVICE_FAMILY = "1,2";
				TEST_TARGET_NAME = WeatherApp;
			};
			name = Debug;
		};
		7320F6CB2C9BC42500289A66 /* Release */ = {
			isa = XCBuildConfiguration;
			buildSettings = {
				ALWAYS_EMBED_SWIFT_STANDARD_LIBRARIES = YES;
				CODE_SIGN_STYLE = Automatic;
				CURRENT_PROJECT_VERSION = 1;
				DEVELOPMENT_TEAM = 76DL45Z2WR;
				GENERATE_INFOPLIST_FILE = YES;
				IPHONEOS_DEPLOYMENT_TARGET = 17.5;
				MACOSX_DEPLOYMENT_TARGET = 14.5;
				MARKETING_VERSION = 1.0;
				PRODUCT_BUNDLE_IDENTIFIER = Nikolai.WeatherAppUITests;
				PRODUCT_NAME = "$(TARGET_NAME)";
				SDKROOT = auto;
				SUPPORTED_PLATFORMS = "iphoneos iphonesimulator macosx";
				SWIFT_EMIT_LOC_STRINGS = NO;
				SWIFT_VERSION = 5.0;
				TARGETED_DEVICE_FAMILY = "1,2";
				TEST_TARGET_NAME = WeatherApp;
			};
			name = Release;
		};
/* End XCBuildConfiguration section */

/* Begin XCConfigurationList section */
		7320F6992C9BC42400289A66 /* Build configuration list for PBXProject "WeatherApp" */ = {
			isa = XCConfigurationList;
			buildConfigurations = (
				7320F6C12C9BC42500289A66 /* Debug */,
				7320F6C22C9BC42500289A66 /* Release */,
			);
			defaultConfigurationIsVisible = 0;
			defaultConfigurationName = Release;
		};
		7320F6C32C9BC42500289A66 /* Build configuration list for PBXNativeTarget "WeatherApp" */ = {
			isa = XCConfigurationList;
			buildConfigurations = (
				7320F6C42C9BC42500289A66 /* Debug */,
				7320F6C52C9BC42500289A66 /* Release */,
			);
			defaultConfigurationIsVisible = 0;
			defaultConfigurationName = Release;
		};
		7320F6C62C9BC42500289A66 /* Build configuration list for PBXNativeTarget "WeatherAppTests" */ = {
			isa = XCConfigurationList;
			buildConfigurations = (
				7320F6C72C9BC42500289A66 /* Debug */,
				7320F6C82C9BC42500289A66 /* Release */,
			);
			defaultConfigurationIsVisible = 0;
			defaultConfigurationName = Release;
		};
		7320F6C92C9BC42500289A66 /* Build configuration list for PBXNativeTarget "WeatherAppUITests" */ = {
			isa = XCConfigurationList;
			buildConfigurations = (
				7320F6CA2C9BC42500289A66 /* Debug */,
				7320F6CB2C9BC42500289A66 /* Release */,
			);
			defaultConfigurationIsVisible = 0;
			defaultConfigurationName = Release;
		};
/* End XCConfigurationList section */

/* Begin XCVersionGroup section */
		73C931362C9FDA8B0075A9D4 /* RecentSearchContainer.xcdatamodeld */ = {
			isa = XCVersionGroup;
			children = (
				73C931372C9FDA8B0075A9D4 /* RecentSearch.xcdatamodel */,
			);
			currentVersion = 73C931372C9FDA8B0075A9D4 /* RecentSearch.xcdatamodel */;
			path = RecentSearchContainer.xcdatamodeld;
			sourceTree = "<group>";
			versionGroupType = wrapper.xcdatamodel;
		};
/* End XCVersionGroup section */
	};
	rootObject = 7320F6962C9BC42400289A66 /* Project object */;
}
